{
  "version": 4,
  "terraform_version": "1.9.8",
  "serial": 1,
  "lineage": "06553c49-4a89-95af-f8c3-986c84528c3f",
  "outputs": {},
  "resources": [
    {
      "mode": "managed",
      "type": "spotify_playlist",
      "name": "Heaven",
      "provider": "provider[\"registry.terraform.io/conradludgate/spotify\"]",
      "instances": [
        {
          "schema_version": 0,
          "attributes": {
            "description": null,
            "id": "6BcztTpBwyeYVq5PchVFN5",
            "name": "Heaven",
            "public": true,
            "snapshot_id": "AAAAAqZ0+mS1N+OFPfsbLvUgbSIUaHNM",
            "tracks": [
              "0eCajpR75pDW0r64U6hP2x"
            ]
          },
          "sensitive_attributes": [],
          "private": "bnVsbA=="
        }
      ]
    }
  ],
  "check_results": null
}
